{
  "name": "tg-autopilot",
  "lockfileVersion": 3,
  "requires": true,
  "packages": {
    "": {
      "name": "tg-autopilot",
      "dependencies": {
        "libsodium-wrappers": "^0.7.15"
      }
    },
    "node_modules/libsodium": {
      "version": "0.7.16",
      "resolved": "https://registry.npmjs.org/libsodium/-/libsodium-0.7.16.tgz",
      "integrity": "sha512-3HrzSPuzm6Yt9aTYCDxYEG8x8/6C0+ag655Y7rhhWZM9PT4NpdnbqlzXhGZlDnkgR6MeSTnOt/VIyHLs9aSf+Q==",
      "license": "ISC"
    },
    "node_modules/libsodium-wrappers": {
      "version": "0.7.16",
      "resolved": "https://registry.npmjs.org/libsodium-wrappers/-/libsodium-wrappers-0.7.16.tgz",
      "integrity": "sha512-Gtr/WBx4dKjvRL1pvfwZqu7gO6AfrQ0u9vFL+kXihtHf6NfkROR8pjYWn98MFDI3jN19Ii1ZUfPR9afGiPyfHg==",
      "license": "ISC",
      "dependencies": {
        "libsodium": "^0.7.16"
      }
    }
  }
}
